
Microsoft Visual Studio Solution File, Format Version 12.00
# Visual Studio Version 17
VisualStudioVersion = 17.12.35707.178
MinimumVisualStudioVersion = 10.0.40219.1
Project("{FAE04EC0-301F-11D3-BF4B-00C04F79EFBC}") = "TZG.Regions.Generator", "TZG.Regions.Generator\TZG.Regions.Generator.csproj", "{431D84C0-C89C-424F-A1C4-E1FFAD63CBF0}"
EndProject
Project("{2150E333-8FDC-42A3-9474-1A3956D46DE8}") = "Libraries", "Libraries", "{B2348413-F843-471F-A978-D2F23B2951E5}"
EndProject
Project("{2150E333-8FDC-42A3-9474-1A3956D46DE8}") = "PinkSystem", "PinkSystem", "{3E5C3E45-C4B0-4713-8286-9E3FD99587C5}"
EndProject
Project("{FAE04EC0-301F-11D3-BF4B-00C04F79EFBC}") = "PinkSystem", "..\PinkSystem\PinkSystem\PinkSystem.csproj", "{07CD7E41-840A-4A45-929B-50665599A2E9}"
EndProject
Project("{FAE04EC0-301F-11D3-BF4B-00C04F79EFBC}") = "PinkSystem.Net.Http", "..\PinkSystem\PinkSystem.Net.Http\PinkSystem.Net.Http.csproj", "{A981462C-02D4-487E-8543-3CF2F23C2AC2}"
EndProject
Project("{FAE04EC0-301F-11D3-BF4B-00C04F79EFBC}") = "PinkSystem.Net", "..\PinkSystem\PinkSystem.Net\PinkSystem.Net.csproj", "{6544F6B7-14DA-4126-896B-CF8487BEBF9E}"
EndProject
Project("{FAE04EC0-301F-11D3-BF4B-00C04F79EFBC}") = "PinkSystem.IO", "..\PinkSystem\PinkSystem.IO\PinkSystem.IO.csproj", "{2B1D92CD-B8D8-4580-AF89-38622979B355}"
EndProject
Project("{FAE04EC0-301F-11D3-BF4B-00C04F79EFBC}") = "PinkSystem.Text", "..\PinkSystem\PinkSystem.Text\PinkSystem.Text.csproj", "{A0EA6FBF-D92F-4703-914D-975CBC477DFF}"
EndProject
Global
	GlobalSection(SolutionConfigurationPlatforms) = preSolution
		Debug|Any CPU = Debug|Any CPU
		Release|Any CPU = Release|Any CPU
	EndGlobalSection
	GlobalSection(ProjectConfigurationPlatforms) = postSolution
		{431D84C0-C89C-424F-A1C4-E1FFAD63CBF0}.Debug|Any CPU.ActiveCfg = Debug|Any CPU
		{431D84C0-C89C-424F-A1C4-E1FFAD63CBF0}.Debug|Any CPU.Build.0 = Debug|Any CPU
		{431D84C0-C89C-424F-A1C4-E1FFAD63CBF0}.Release|Any CPU.ActiveCfg = Release|Any CPU
		{431D84C0-C89C-424F-A1C4-E1FFAD63CBF0}.Release|Any CPU.Build.0 = Release|Any CPU
		{07CD7E41-840A-4A45-929B-50665599A2E9}.Debug|Any CPU.ActiveCfg = Debug|Any CPU
		{07CD7E41-840A-4A45-929B-50665599A2E9}.Debug|Any CPU.Build.0 = Debug|Any CPU
		{07CD7E41-840A-4A45-929B-50665599A2E9}.Release|Any CPU.ActiveCfg = Release|Any CPU
		{07CD7E41-840A-4A45-929B-50665599A2E9}.Release|Any CPU.Build.0 = Release|Any CPU
		{A981462C-02D4-487E-8543-3CF2F23C2AC2}.Debug|Any CPU.ActiveCfg = Debug|Any CPU
		{A981462C-02D4-487E-8543-3CF2F23C2AC2}.Debug|Any CPU.Build.0 = Debug|Any CPU
		{A981462C-02D4-487E-8543-3CF2F23C2AC2}.Release|Any CPU.ActiveCfg = Release|Any CPU
		{A981462C-02D4-487E-8543-3CF2F23C2AC2}.Release|Any CPU.Build.0 = Release|Any CPU
		{6544F6B7-14DA-4126-896B-CF8487BEBF9E}.Debug|Any CPU.ActiveCfg = Debug|Any CPU
		{6544F6B7-14DA-4126-896B-CF8487BEBF9E}.Debug|Any CPU.Build.0 = Debug|Any CPU
		{6544F6B7-14DA-4126-896B-CF8487BEBF9E}.Release|Any CPU.ActiveCfg = Release|Any CPU
		{6544F6B7-14DA-4126-896B-CF8487BEBF9E}.Release|Any CPU.Build.0 = Release|Any CPU
		{2B1D92CD-B8D8-4580-AF89-38622979B355}.Debug|Any CPU.ActiveCfg = Debug|Any CPU
		{2B1D92CD-B8D8-4580-AF89-38622979B355}.Debug|Any CPU.Build.0 = Debug|Any CPU
		{2B1D92CD-B8D8-4580-AF89-38622979B355}.Release|Any CPU.ActiveCfg = Release|Any CPU
		{2B1D92CD-B8D8-4580-AF89-38622979B355}.Release|Any CPU.Build.0 = Release|Any CPU
		{A0EA6FBF-D92F-4703-914D-975CBC477DFF}.Debug|Any CPU.ActiveCfg = Debug|Any CPU
		{A0EA6FBF-D92F-4703-914D-975CBC477DFF}.Debug|Any CPU.Build.0 = Debug|Any CPU
		{A0EA6FBF-D92F-4703-914D-975CBC477DFF}.Release|Any CPU.ActiveCfg = Release|Any CPU
		{A0EA6FBF-D92F-4703-914D-975CBC477DFF}.Release|Any CPU.Build.0 = Release|Any CPU
	EndGlobalSection
	GlobalSection(SolutionProperties) = preSolution
		HideSolutionNode = FALSE
	EndGlobalSection
	GlobalSection(NestedProjects) = preSolution
		{3E5C3E45-C4B0-4713-8286-9E3FD99587C5} = {B2348413-F843-471F-A978-D2F23B2951E5}
		{07CD7E41-840A-4A45-929B-50665599A2E9} = {3E5C3E45-C4B0-4713-8286-9E3FD99587C5}
		{A981462C-02D4-487E-8543-3CF2F23C2AC2} = {3E5C3E45-C4B0-4713-8286-9E3FD99587C5}
		{6544F6B7-14DA-4126-896B-CF8487BEBF9E} = {3E5C3E45-C4B0-4713-8286-9E3FD99587C5}
		{2B1D92CD-B8D8-4580-AF89-38622979B355} = {3E5C3E45-C4B0-4713-8286-9E3FD99587C5}
		{A0EA6FBF-D92F-4703-914D-975CBC477DFF} = {3E5C3E45-C4B0-4713-8286-9E3FD99587C5}
	EndGlobalSection
EndGlobal
