
Microsoft Visual Studio Solution File, Format Version 12.00
# Visual Studio Version 17
VisualStudioVersion = 17.12.35707.178
MinimumVisualStudioVersion = 10.0.40219.1
Project("{FAE04EC0-301F-11D3-BF4B-00C04F79EFBC}") = "TZG.Regions.Generator", "TZG.Regions.Generator\TZG.Regions.Generator.csproj", "{431D84C0-C89C-424F-A1C4-E1FFAD63CBF0}"
EndProject
Project("{2150E333-8FDC-42A3-9474-1A3956D46DE8}") = "Libraries", "Libraries", "{B2348413-F843-471F-A978-D2F23B2951E5}"
EndProject
Project("{2150E333-8FDC-42A3-9474-1A3956D46DE8}") = "PinkSystem", "PinkSystem", "{3E5C3E45-C4B0-4713-8286-9E3FD99587C5}"
EndProject
Project("{FAE04EC0-301F-11D3-BF4B-00C04F79EFBC}") = "PinkSystem", "..\PinkSystem\PinkSystem\PinkSystem.csproj", "{07CD7E41-840A-4A45-929B-50665599A2E9}"
EndProject
Project("{FAE04EC0-301F-11D3-BF4B-00C04F79EFBC}") = "PinkSystem.Net.Http", "..\PinkSystem\PinkSystem.Net.Http\PinkSystem.Net.Http.csproj", "{A981462C-02D4-487E-8543-3CF2F23C2AC2}"
EndProject
Project("{FAE04EC0-301F-11D3-BF4B-00C04F79EFBC}") = "PinkSystem.Net", "..\PinkSystem\PinkSystem.Net\PinkSystem.Net.csproj", "{6544F6B7-14DA-4126-896B-CF8487BEBF9E}"
EndProject
Project("{FAE04EC0-301F-11D3-BF4B-00C04F79EFBC}") = "PinkSystem.IO", "..\PinkSystem\PinkSystem.IO\PinkSystem.IO.csproj", "{2B1D92CD-B8D8-4580-AF89-38622979B355}"
EndProject
Project("{FAE04EC0-301F-11D3-BF4B-00C04F79EFBC}") = "PinkSystem.Text", "..\PinkSystem\PinkSystem.Text\PinkSystem.Text.csproj", "{A0EA6FBF-D92F-4703-914D-975CBC477DFF}"
EndProject
Project("{2150E333-8FDC-42A3-9474-1A3956D46DE8}") = "PinkSystem.Net.Http.Tls", "PinkSystem.Net.Http.Tls", "{FF3F6D3F-7EC7-499D-8F5D-0FF0ED963FF3}"
EndProject
Project("{2150E333-8FDC-42A3-9474-1A3956D46DE8}") = "PinkSystem", "PinkSystem", "{BF7CF0E3-28D4-49E2-BECC-7171D4F198C1}"
EndProject
Project("{FAE04EC0-301F-11D3-BF4B-00C04F79EFBC}") = "PinkSystem.Net.Http.Tls", "..\PinkSystem.Net.Http.Tls\PinkSystem.Net.Http.Tls\PinkSystem.Net.Http.Tls.csproj", "{BDD517B7-18C7-4B21-9967-9D424609C56E}"
EndProject
Project("{FAE04EC0-301F-11D3-BF4B-00C04F79EFBC}") = "PinkSystem", "..\PinkSystem.Net.Http.Tls\PinkSystem\PinkSystem\PinkSystem.csproj", "{003A5F17-84CC-4F81-8C14-6E30E0D0CB08}"
EndProject
Project("{FAE04EC0-301F-11D3-BF4B-00C04F79EFBC}") = "PinkSystem.IO", "..\PinkSystem.Net.Http.Tls\PinkSystem\PinkSystem.IO\PinkSystem.IO.csproj", "{1D09F8DE-E2D0-41D6-8502-A081F2AFDE89}"
EndProject
Project("{FAE04EC0-301F-11D3-BF4B-00C04F79EFBC}") = "PinkSystem.Net", "..\PinkSystem.Net.Http.Tls\PinkSystem\PinkSystem.Net\PinkSystem.Net.csproj", "{93B1EC90-80B6-4CC4-A69F-65B2CED407C4}"
EndProject
Project("{FAE04EC0-301F-11D3-BF4B-00C04F79EFBC}") = "PinkSystem.Net.Http", "..\PinkSystem.Net.Http.Tls\PinkSystem\PinkSystem.Net.Http\PinkSystem.Net.Http.csproj", "{F246CB9B-EBC6-4065-BC5A-B5F31DDB4DD3}"
EndProject
Project("{FAE04EC0-301F-11D3-BF4B-00C04F79EFBC}") = "PinkSystem.Text", "..\PinkSystem.Net.Http.Tls\PinkSystem\PinkSystem.Text\PinkSystem.Text.csproj", "{59BF868B-0E3C-49EF-B203-A00E2A3F97BA}"
EndProject
Project("{FAE04EC0-301F-11D3-BF4B-00C04F79EFBC}") = "PinkSystem.Configuration", "..\PinkSystem\PinkSystem.Configuration\PinkSystem.Configuration.csproj", "{89E2EF26-7B10-42EB-8EF9-BA4DBB97F5D1}"
EndProject
Global
	GlobalSection(SolutionConfigurationPlatforms) = preSolution
		Debug|Any CPU = Debug|Any CPU
		Release|Any CPU = Release|Any CPU
	EndGlobalSection
	GlobalSection(ProjectConfigurationPlatforms) = postSolution
		{431D84C0-C89C-424F-A1C4-E1FFAD63CBF0}.Debug|Any CPU.ActiveCfg = Debug|Any CPU
		{431D84C0-C89C-424F-A1C4-E1FFAD63CBF0}.Debug|Any CPU.Build.0 = Debug|Any CPU
		{431D84C0-C89C-424F-A1C4-E1FFAD63CBF0}.Release|Any CPU.ActiveCfg = Release|Any CPU
		{431D84C0-C89C-424F-A1C4-E1FFAD63CBF0}.Release|Any CPU.Build.0 = Release|Any CPU
		{07CD7E41-840A-4A45-929B-50665599A2E9}.Debug|Any CPU.ActiveCfg = Debug|Any CPU
		{07CD7E41-840A-4A45-929B-50665599A2E9}.Debug|Any CPU.Build.0 = Debug|Any CPU
		{07CD7E41-840A-4A45-929B-50665599A2E9}.Release|Any CPU.ActiveCfg = Release|Any CPU
		{07CD7E41-840A-4A45-929B-50665599A2E9}.Release|Any CPU.Build.0 = Release|Any CPU
		{A981462C-02D4-487E-8543-3CF2F23C2AC2}.Debug|Any CPU.ActiveCfg = Debug|Any CPU
		{A981462C-02D4-487E-8543-3CF2F23C2AC2}.Debug|Any CPU.Build.0 = Debug|Any CPU
		{A981462C-02D4-487E-8543-3CF2F23C2AC2}.Release|Any CPU.ActiveCfg = Release|Any CPU
		{A981462C-02D4-487E-8543-3CF2F23C2AC2}.Release|Any CPU.Build.0 = Release|Any CPU
		{6544F6B7-14DA-4126-896B-CF8487BEBF9E}.Debug|Any CPU.ActiveCfg = Debug|Any CPU
		{6544F6B7-14DA-4126-896B-CF8487BEBF9E}.Debug|Any CPU.Build.0 = Debug|Any CPU
		{6544F6B7-14DA-4126-896B-CF8487BEBF9E}.Release|Any CPU.ActiveCfg = Release|Any CPU
		{6544F6B7-14DA-4126-896B-CF8487BEBF9E}.Release|Any CPU.Build.0 = Release|Any CPU
		{2B1D92CD-B8D8-4580-AF89-38622979B355}.Debug|Any CPU.ActiveCfg = Debug|Any CPU
		{2B1D92CD-B8D8-4580-AF89-38622979B355}.Debug|Any CPU.Build.0 = Debug|Any CPU
		{2B1D92CD-B8D8-4580-AF89-38622979B355}.Release|Any CPU.ActiveCfg = Release|Any CPU
		{2B1D92CD-B8D8-4580-AF89-38622979B355}.Release|Any CPU.Build.0 = Release|Any CPU
		{A0EA6FBF-D92F-4703-914D-975CBC477DFF}.Debug|Any CPU.ActiveCfg = Debug|Any CPU
		{A0EA6FBF-D92F-4703-914D-975CBC477DFF}.Debug|Any CPU.Build.0 = Debug|Any CPU
		{A0EA6FBF-D92F-4703-914D-975CBC477DFF}.Release|Any CPU.ActiveCfg = Release|Any CPU
		{A0EA6FBF-D92F-4703-914D-975CBC477DFF}.Release|Any CPU.Build.0 = Release|Any CPU
		{BDD517B7-18C7-4B21-9967-9D424609C56E}.Debug|Any CPU.ActiveCfg = Debug|Any CPU
		{BDD517B7-18C7-4B21-9967-9D424609C56E}.Debug|Any CPU.Build.0 = Debug|Any CPU
		{BDD517B7-18C7-4B21-9967-9D424609C56E}.Release|Any CPU.ActiveCfg = Release|Any CPU
		{BDD517B7-18C7-4B21-9967-9D424609C56E}.Release|Any CPU.Build.0 = Release|Any CPU
		{003A5F17-84CC-4F81-8C14-6E30E0D0CB08}.Debug|Any CPU.ActiveCfg = Debug|Any CPU
		{003A5F17-84CC-4F81-8C14-6E30E0D0CB08}.Debug|Any CPU.Build.0 = Debug|Any CPU
		{003A5F17-84CC-4F81-8C14-6E30E0D0CB08}.Release|Any CPU.ActiveCfg = Release|Any CPU
		{003A5F17-84CC-4F81-8C14-6E30E0D0CB08}.Release|Any CPU.Build.0 = Release|Any CPU
		{1D09F8DE-E2D0-41D6-8502-A081F2AFDE89}.Debug|Any CPU.ActiveCfg = Debug|Any CPU
		{1D09F8DE-E2D0-41D6-8502-A081F2AFDE89}.Debug|Any CPU.Build.0 = Debug|Any CPU
		{1D09F8DE-E2D0-41D6-8502-A081F2AFDE89}.Release|Any CPU.ActiveCfg = Release|Any CPU
		{1D09F8DE-E2D0-41D6-8502-A081F2AFDE89}.Release|Any CPU.Build.0 = Release|Any CPU
		{93B1EC90-80B6-4CC4-A69F-65B2CED407C4}.Debug|Any CPU.ActiveCfg = Debug|Any CPU
		{93B1EC90-80B6-4CC4-A69F-65B2CED407C4}.Debug|Any CPU.Build.0 = Debug|Any CPU
		{93B1EC90-80B6-4CC4-A69F-65B2CED407C4}.Release|Any CPU.ActiveCfg = Release|Any CPU
		{93B1EC90-80B6-4CC4-A69F-65B2CED407C4}.Release|Any CPU.Build.0 = Release|Any CPU
		{F246CB9B-EBC6-4065-BC5A-B5F31DDB4DD3}.Debug|Any CPU.ActiveCfg = Debug|Any CPU
		{F246CB9B-EBC6-4065-BC5A-B5F31DDB4DD3}.Debug|Any CPU.Build.0 = Debug|Any CPU
		{F246CB9B-EBC6-4065-BC5A-B5F31DDB4DD3}.Release|Any CPU.ActiveCfg = Release|Any CPU
		{F246CB9B-EBC6-4065-BC5A-B5F31DDB4DD3}.Release|Any CPU.Build.0 = Release|Any CPU
		{59BF868B-0E3C-49EF-B203-A00E2A3F97BA}.Debug|Any CPU.ActiveCfg = Debug|Any CPU
		{59BF868B-0E3C-49EF-B203-A00E2A3F97BA}.Debug|Any CPU.Build.0 = Debug|Any CPU
		{59BF868B-0E3C-49EF-B203-A00E2A3F97BA}.Release|Any CPU.ActiveCfg = Release|Any CPU
		{59BF868B-0E3C-49EF-B203-A00E2A3F97BA}.Release|Any CPU.Build.0 = Release|Any CPU
		{89E2EF26-7B10-42EB-8EF9-BA4DBB97F5D1}.Debug|Any CPU.ActiveCfg = Debug|Any CPU
		{89E2EF26-7B10-42EB-8EF9-BA4DBB97F5D1}.Debug|Any CPU.Build.0 = Debug|Any CPU
		{89E2EF26-7B10-42EB-8EF9-BA4DBB97F5D1}.Release|Any CPU.ActiveCfg = Release|Any CPU
		{89E2EF26-7B10-42EB-8EF9-BA4DBB97F5D1}.Release|Any CPU.Build.0 = Release|Any CPU
	EndGlobalSection
	GlobalSection(SolutionProperties) = preSolution
		HideSolutionNode = FALSE
	EndGlobalSection
	GlobalSection(NestedProjects) = preSolution
		{3E5C3E45-C4B0-4713-8286-9E3FD99587C5} = {B2348413-F843-471F-A978-D2F23B2951E5}
		{07CD7E41-840A-4A45-929B-50665599A2E9} = {3E5C3E45-C4B0-4713-8286-9E3FD99587C5}
		{A981462C-02D4-487E-8543-3CF2F23C2AC2} = {3E5C3E45-C4B0-4713-8286-9E3FD99587C5}
		{6544F6B7-14DA-4126-896B-CF8487BEBF9E} = {3E5C3E45-C4B0-4713-8286-9E3FD99587C5}
		{2B1D92CD-B8D8-4580-AF89-38622979B355} = {3E5C3E45-C4B0-4713-8286-9E3FD99587C5}
		{A0EA6FBF-D92F-4703-914D-975CBC477DFF} = {3E5C3E45-C4B0-4713-8286-9E3FD99587C5}
		{FF3F6D3F-7EC7-499D-8F5D-0FF0ED963FF3} = {B2348413-F843-471F-A978-D2F23B2951E5}
		{BF7CF0E3-28D4-49E2-BECC-7171D4F198C1} = {FF3F6D3F-7EC7-499D-8F5D-0FF0ED963FF3}
		{BDD517B7-18C7-4B21-9967-9D424609C56E} = {FF3F6D3F-7EC7-499D-8F5D-0FF0ED963FF3}
		{003A5F17-84CC-4F81-8C14-6E30E0D0CB08} = {BF7CF0E3-28D4-49E2-BECC-7171D4F198C1}
		{1D09F8DE-E2D0-41D6-8502-A081F2AFDE89} = {BF7CF0E3-28D4-49E2-BECC-7171D4F198C1}
		{93B1EC90-80B6-4CC4-A69F-65B2CED407C4} = {BF7CF0E3-28D4-49E2-BECC-7171D4F198C1}
		{F246CB9B-EBC6-4065-BC5A-B5F31DDB4DD3} = {BF7CF0E3-28D4-49E2-BECC-7171D4F198C1}
		{59BF868B-0E3C-49EF-B203-A00E2A3F97BA} = {BF7CF0E3-28D4-49E2-BECC-7171D4F198C1}
		{89E2EF26-7B10-42EB-8EF9-BA4DBB97F5D1} = {3E5C3E45-C4B0-4713-8286-9E3FD99587C5}
	EndGlobalSection
EndGlobal
